<?xml version="1.0" encoding="utf-8"?>
<Project ToolsVersion="4.0" xmlns="http://schemas.microsoft.com/developer/msbuild/2003">
  <ItemGroup>
    <Filter Include="Source Files">
      <UniqueIdentifier>{4FC737F1-C7A5-4376-A066-2A32D752A2FF}</UniqueIdentifier>
      <Extensions>cpp;c;cc;cxx;def;odl;idl;hpj;bat;asm;asmx</Extensions>
    </Filter>
    <Filter Include="Header Files">
      <UniqueIdentifier>{93995380-89BD-4b04-88EB-625FBE52EBFB}</UniqueIdentifier>
      <Extensions>h;hh;hpp;hxx;hm;inl;inc;ipp;xsd</Extensions>
    </Filter>
    <Filter Include="Resource Files">
      <UniqueIdentifier>{67DA6AB6-F800-4c08-8B7A-83BB121AAD01}</UniqueIdentifier>
      <Extensions>rc;ico;cur;bmp;dlg;rc2;rct;bin;rgs;gif;jpg;jpeg;jpe;resx;tiff;tif;png;wav;mfcribbon-ms</Extensions>
    </Filter>
    <Filter Include="States">
      <UniqueIdentifier>{616ae686-9076-4117-a201-d02e809e4dac}</UniqueIdentifier>
    </Filter>
    <Filter Include="States\GameStates">
      <UniqueIdentifier>{f3c36e9f-de26-41b9-8948-c3cb62e674da}</UniqueIdentifier>
    </Filter>
    <Filter Include="Graphics">
      <UniqueIdentifier>{3356914b-d3f7-424c-b068-1dda4f3bb270}</UniqueIdentifier>
    </Filter>
    <Filter Include="States\Objects">
      <UniqueIdentifier>{b692cf54-55f8-483d-acae-0a1051ca20a3}</UniqueIdentifier>
    </Filter>
    <Filter Include="States\Graphics">
      <UniqueIdentifier>{c11f0cd9-e025-42c7-ad7b-8863acf2e20d}</UniqueIdentifier>
    </Filter>
  </ItemGroup>
  <ItemGroup>
    <ClCompile Include="Rally-X.cpp">
      <Filter>Source Files</Filter>
    </ClCompile>
    <ClCompile Include="Game.cpp">
      <Filter>Source Files</Filter>
    </ClCompile>
    <ClCompile Include="State.cpp">
      <Filter>States</Filter>
    </ClCompile>
    <ClCompile Include="GameState.cpp">
      <Filter>States\GameStates</Filter>
    </ClCompile>
    <ClCompile Include="GraphicsSettings.cpp">
      <Filter>Resource Files</Filter>
    </ClCompile>
    <ClCompile Include="TileMap.cpp">
      <Filter>Graphics</Filter>
    </ClCompile>
    <ClCompile Include="HUD.cpp">
      <Filter>States\Objects</Filter>
    </ClCompile>
    <ClCompile Include="miniMap.cpp">
      <Filter>States\Objects</Filter>
    </ClCompile>
    <ClCompile Include="SpriteManager.cpp">
      <Filter>States\Graphics</Filter>
    </ClCompile>
  </ItemGroup>
  <ItemGroup>
    <ClInclude Include="Game.h">
      <Filter>Header Files</Filter>
    </ClInclude>
    <ClInclude Include="State.h">
      <Filter>States</Filter>
    </ClInclude>
    <ClInclude Include="GameState.h">
      <Filter>States\GameStates</Filter>
    </ClInclude>
    <ClInclude Include="resource.h">
      <Filter>Header Files</Filter>
    </ClInclude>
    <ClInclude Include="GraphicsSettings.h">
      <Filter>Resource Files</Filter>
    </ClInclude>
    <ClInclude Include="TileMap.h">
      <Filter>Graphics</Filter>
    </ClInclude>
    <ClInclude Include="HUD.h">
      <Filter>States\Objects</Filter>
    </ClInclude>
    <ClInclude Include="miniMap.h">
      <Filter>States\Objects</Filter>
    </ClInclude>
    <ClInclude Include="SpriteManager.h">
      <Filter>States\Graphics</Filter>
    </ClInclude>
  </ItemGroup>
  <ItemGroup>
    <Image Include="Resources\Images\Rally-X-SpriteSheet.png">
      <Filter>Resource Files</Filter>
    </Image>
  </ItemGroup>
</Project>